
Microsoft Visual Studio Solution File, Format Version 12.00
# Visual Studio Version 16
VisualStudioVersion = 16.0.29306.81
MinimumVisualStudioVersion = 10.0.40219.1
Project("{FAE04EC0-301F-11D3-BF4B-00C04F79EFBC}") = "B1", "HW03\B1.csproj", "{E972B186-EF7C-4966-B13E-50D916BE82CB}"
EndProject
Project("{FAE04EC0-301F-11D3-BF4B-00C04F79EFBC}") = "B2", "B2\B2.csproj", "{791BD670-AD26-46DB-AB5A-0B27EEA12D77}"
EndProject
Project("{FAE04EC0-301F-11D3-BF4B-00C04F79EFBC}") = "B3", "B3\B3.csproj", "{721F572E-FEA2-4156-80C4-0EAF8EC9AF5A}"
EndProject
Project("{FAE04EC0-301F-11D3-BF4B-00C04F79EFBC}") = "B4", "B4\B4.csproj", "{85ED0D3C-6F6C-43E8-9DA5-F8407CB7A221}"
EndProject
Project("{FAE04EC0-301F-11D3-BF4B-00C04F79EFBC}") = "B5", "B5\B5.csproj", "{8DD42C5F-EA43-4764-A26B-50FB272BE229}"
EndProject
Project("{FAE04EC0-301F-11D3-BF4B-00C04F79EFBC}") = "B6", "B6\B6.csproj", "{1919F300-73D9-4648-ADC3-1DE05B4F954C}"
EndProject
Project("{FAE04EC0-301F-11D3-BF4B-00C04F79EFBC}") = "B7", "B7\B7.csproj", "{DAA5F360-95A2-4E0B-ADFA-738459025AF2}"
EndProject
Project("{FAE04EC0-301F-11D3-BF4B-00C04F79EFBC}") = "B8", "B8\B8.csproj", "{1FFF7083-ECF1-43E8-8A77-FD95C635E0D0}"
EndProject
Project("{FAE04EC0-301F-11D3-BF4B-00C04F79EFBC}") = "B9", "B9\B9.csproj", "{CDA26987-073E-4F5F-A376-82B8287CE364}"
EndProject
Project("{FAE04EC0-301F-11D3-BF4B-00C04F79EFBC}") = "C10", "C10\C10.csproj", "{9F790BEF-850A-4096-90C6-6EC9C538DFC7}"
EndProject
Project("{FAE04EC0-301F-11D3-BF4B-00C04F79EFBC}") = "C11", "C11\C11.csproj", "{F86960B4-3BB5-4C4B-8AA0-C4501729E3BD}"
EndProject
Project("{FAE04EC0-301F-11D3-BF4B-00C04F79EFBC}") = "C12", "C12\C12.csproj", "{728ECA96-E0CE-4565-9F89-1A73DFB6A06E}"
EndProject
Project("{FAE04EC0-301F-11D3-BF4B-00C04F79EFBC}") = "C13", "C13\C13.csproj", "{BA99935F-4EEF-4245-A095-5CCF59913662}"
EndProject
Project("{FAE04EC0-301F-11D3-BF4B-00C04F79EFBC}") = "C14", "C14\C14.csproj", "{405984BB-2510-4BE1-BEC9-CA731EDE2165}"
EndProject
Project("{FAE04EC0-301F-11D3-BF4B-00C04F79EFBC}") = "C15", "C15\C15.csproj", "{FD9516A6-B7A7-4508-B4EA-6836CF4BA7B7}"
EndProject
Project("{FAE04EC0-301F-11D3-BF4B-00C04F79EFBC}") = "C16", "C16\C16.csproj", "{6B91F155-54B9-4501-93D1-2F3E8185FD29}"
EndProject
Global
	GlobalSection(SolutionConfigurationPlatforms) = preSolution
		Debug|Any CPU = Debug|Any CPU
		Release|Any CPU = Release|Any CPU
	EndGlobalSection
	GlobalSection(ProjectConfigurationPlatforms) = postSolution
		{E972B186-EF7C-4966-B13E-50D916BE82CB}.Debug|Any CPU.ActiveCfg = Debug|Any CPU
		{E972B186-EF7C-4966-B13E-50D916BE82CB}.Debug|Any CPU.Build.0 = Debug|Any CPU
		{E972B186-EF7C-4966-B13E-50D916BE82CB}.Release|Any CPU.ActiveCfg = Release|Any CPU
		{E972B186-EF7C-4966-B13E-50D916BE82CB}.Release|Any CPU.Build.0 = Release|Any CPU
		{791BD670-AD26-46DB-AB5A-0B27EEA12D77}.Debug|Any CPU.ActiveCfg = Debug|Any CPU
		{791BD670-AD26-46DB-AB5A-0B27EEA12D77}.Debug|Any CPU.Build.0 = Debug|Any CPU
		{791BD670-AD26-46DB-AB5A-0B27EEA12D77}.Release|Any CPU.ActiveCfg = Release|Any CPU
		{791BD670-AD26-46DB-AB5A-0B27EEA12D77}.Release|Any CPU.Build.0 = Release|Any CPU
		{721F572E-FEA2-4156-80C4-0EAF8EC9AF5A}.Debug|Any CPU.ActiveCfg = Debug|Any CPU
		{721F572E-FEA2-4156-80C4-0EAF8EC9AF5A}.Debug|Any CPU.Build.0 = Debug|Any CPU
		{721F572E-FEA2-4156-80C4-0EAF8EC9AF5A}.Release|Any CPU.ActiveCfg = Release|Any CPU
		{721F572E-FEA2-4156-80C4-0EAF8EC9AF5A}.Release|Any CPU.Build.0 = Release|Any CPU
		{85ED0D3C-6F6C-43E8-9DA5-F8407CB7A221}.Debug|Any CPU.ActiveCfg = Debug|Any CPU
		{85ED0D3C-6F6C-43E8-9DA5-F8407CB7A221}.Debug|Any CPU.Build.0 = Debug|Any CPU
		{85ED0D3C-6F6C-43E8-9DA5-F8407CB7A221}.Release|Any CPU.ActiveCfg = Release|Any CPU
		{85ED0D3C-6F6C-43E8-9DA5-F8407CB7A221}.Release|Any CPU.Build.0 = Release|Any CPU
		{8DD42C5F-EA43-4764-A26B-50FB272BE229}.Debug|Any CPU.ActiveCfg = Debug|Any CPU
		{8DD42C5F-EA43-4764-A26B-50FB272BE229}.Debug|Any CPU.Build.0 = Debug|Any CPU
		{8DD42C5F-EA43-4764-A26B-50FB272BE229}.Release|Any CPU.ActiveCfg = Release|Any CPU
		{8DD42C5F-EA43-4764-A26B-50FB272BE229}.Release|Any CPU.Build.0 = Release|Any CPU
		{1919F300-73D9-4648-ADC3-1DE05B4F954C}.Debug|Any CPU.ActiveCfg = Debug|Any CPU
		{1919F300-73D9-4648-ADC3-1DE05B4F954C}.Debug|Any CPU.Build.0 = Debug|Any CPU
		{1919F300-73D9-4648-ADC3-1DE05B4F954C}.Release|Any CPU.ActiveCfg = Release|Any CPU
		{1919F300-73D9-4648-ADC3-1DE05B4F954C}.Release|Any CPU.Build.0 = Release|Any CPU
		{DAA5F360-95A2-4E0B-ADFA-738459025AF2}.Debug|Any CPU.ActiveCfg = Debug|Any CPU
		{DAA5F360-95A2-4E0B-ADFA-738459025AF2}.Debug|Any CPU.Build.0 = Debug|Any CPU
		{DAA5F360-95A2-4E0B-ADFA-738459025AF2}.Release|Any CPU.ActiveCfg = Release|Any CPU
		{DAA5F360-95A2-4E0B-ADFA-738459025AF2}.Release|Any CPU.Build.0 = Release|Any CPU
		{1FFF7083-ECF1-43E8-8A77-FD95C635E0D0}.Debug|Any CPU.ActiveCfg = Debug|Any CPU
		{1FFF7083-ECF1-43E8-8A77-FD95C635E0D0}.Debug|Any CPU.Build.0 = Debug|Any CPU
		{1FFF7083-ECF1-43E8-8A77-FD95C635E0D0}.Release|Any CPU.ActiveCfg = Release|Any CPU
		{1FFF7083-ECF1-43E8-8A77-FD95C635E0D0}.Release|Any CPU.Build.0 = Release|Any CPU
		{CDA26987-073E-4F5F-A376-82B8287CE364}.Debug|Any CPU.ActiveCfg = Debug|Any CPU
		{CDA26987-073E-4F5F-A376-82B8287CE364}.Debug|Any CPU.Build.0 = Debug|Any CPU
		{CDA26987-073E-4F5F-A376-82B8287CE364}.Release|Any CPU.ActiveCfg = Release|Any CPU
		{CDA26987-073E-4F5F-A376-82B8287CE364}.Release|Any CPU.Build.0 = Release|Any CPU
		{9F790BEF-850A-4096-90C6-6EC9C538DFC7}.Debug|Any CPU.ActiveCfg = Debug|Any CPU
		{9F790BEF-850A-4096-90C6-6EC9C538DFC7}.Debug|Any CPU.Build.0 = Debug|Any CPU
		{9F790BEF-850A-4096-90C6-6EC9C538DFC7}.Release|Any CPU.ActiveCfg = Release|Any CPU
		{9F790BEF-850A-4096-90C6-6EC9C538DFC7}.Release|Any CPU.Build.0 = Release|Any CPU
		{F86960B4-3BB5-4C4B-8AA0-C4501729E3BD}.Debug|Any CPU.ActiveCfg = Debug|Any CPU
		{F86960B4-3BB5-4C4B-8AA0-C4501729E3BD}.Debug|Any CPU.Build.0 = Debug|Any CPU
		{F86960B4-3BB5-4C4B-8AA0-C4501729E3BD}.Release|Any CPU.ActiveCfg = Release|Any CPU
		{F86960B4-3BB5-4C4B-8AA0-C4501729E3BD}.Release|Any CPU.Build.0 = Release|Any CPU
		{728ECA96-E0CE-4565-9F89-1A73DFB6A06E}.Debug|Any CPU.ActiveCfg = Debug|Any CPU
		{728ECA96-E0CE-4565-9F89-1A73DFB6A06E}.Debug|Any CPU.Build.0 = Debug|Any CPU
		{728ECA96-E0CE-4565-9F89-1A73DFB6A06E}.Release|Any CPU.ActiveCfg = Release|Any CPU
		{728ECA96-E0CE-4565-9F89-1A73DFB6A06E}.Release|Any CPU.Build.0 = Release|Any CPU
		{BA99935F-4EEF-4245-A095-5CCF59913662}.Debug|Any CPU.ActiveCfg = Debug|Any CPU
		{BA99935F-4EEF-4245-A095-5CCF59913662}.Debug|Any CPU.Build.0 = Debug|Any CPU
		{BA99935F-4EEF-4245-A095-5CCF59913662}.Release|Any CPU.ActiveCfg = Release|Any CPU
		{BA99935F-4EEF-4245-A095-5CCF59913662}.Release|Any CPU.Build.0 = Release|Any CPU
		{405984BB-2510-4BE1-BEC9-CA731EDE2165}.Debug|Any CPU.ActiveCfg = Debug|Any CPU
		{405984BB-2510-4BE1-BEC9-CA731EDE2165}.Debug|Any CPU.Build.0 = Debug|Any CPU
		{405984BB-2510-4BE1-BEC9-CA731EDE2165}.Release|Any CPU.ActiveCfg = Release|Any CPU
		{405984BB-2510-4BE1-BEC9-CA731EDE2165}.Release|Any CPU.Build.0 = Release|Any CPU
		{FD9516A6-B7A7-4508-B4EA-6836CF4BA7B7}.Debug|Any CPU.ActiveCfg = Debug|Any CPU
		{FD9516A6-B7A7-4508-B4EA-6836CF4BA7B7}.Debug|Any CPU.Build.0 = Debug|Any CPU
		{FD9516A6-B7A7-4508-B4EA-6836CF4BA7B7}.Release|Any CPU.ActiveCfg = Release|Any CPU
		{FD9516A6-B7A7-4508-B4EA-6836CF4BA7B7}.Release|Any CPU.Build.0 = Release|Any CPU
		{6B91F155-54B9-4501-93D1-2F3E8185FD29}.Debug|Any CPU.ActiveCfg = Debug|Any CPU
		{6B91F155-54B9-4501-93D1-2F3E8185FD29}.Debug|Any CPU.Build.0 = Debug|Any CPU
		{6B91F155-54B9-4501-93D1-2F3E8185FD29}.Release|Any CPU.ActiveCfg = Release|Any CPU
		{6B91F155-54B9-4501-93D1-2F3E8185FD29}.Release|Any CPU.Build.0 = Release|Any CPU
	EndGlobalSection
	GlobalSection(SolutionProperties) = preSolution
		HideSolutionNode = FALSE
	EndGlobalSection
	GlobalSection(ExtensibilityGlobals) = postSolution
		SolutionGuid = {0ED1D362-2012-41FA-9503-80296B5DB8FA}
	EndGlobalSection
EndGlobal
